{
  "requires": true,
  "lockfileVersion": 1,
  "dependencies": {
    "@minui/wxc-icon": {
      "version": "1.0.9",
      "resolved": "https://registry.npm.taobao.org/@minui/wxc-icon/download/@minui/wxc-icon-1.0.9.tgz",
      "integrity": "sha1-aJVj0yYUapLAulR9Eox/Mio0DvE="
    },
    "@minui/wxc-toast": {
      "version": "1.0.9",
      "resolved": "https://registry.npm.taobao.org/@minui/wxc-toast/download/@minui/wxc-toast-1.0.9.tgz",
      "integrity": "sha1-NI7mSNp01iXFH7rL8mH8nJjU5gY=",
      "requires": {
        "@minui/wxc-icon": "^1.0.9"
      }
    }
  }
}
